{
  "requires": true,
  "lockfileVersion": 1,
  "dependencies": {
    "uint32": {
      "version": "0.2.1",
      "resolved": "https://registry.npmjs.org/uint32/-/uint32-0.2.1.tgz",
      "integrity": "sha1-5hjYAtf//Si3CPzOzHMVYIusR/I="
    },
    "underscore": {
      "version": "1.10.2",
      "resolved": "https://registry.npmjs.org/underscore/-/underscore-1.10.2.tgz",
      "integrity": "sha512-N4P+Q/BuyuEKFJ43B9gYuOj4TQUHXX+j2FqguVOpjkssLUUrnJofCcBccJSCoeturDoZU6GorDTHSvUDlSQbTg=="
    }
  }
}
