{
  "requires": true,
  "lockfileVersion": 1,
  "dependencies": {
    "@types/node": {
      "version": "14.0.25",
      "resolved": "https://registry.npmjs.org/@types/node/-/node-14.0.25.tgz",
      "integrity": "sha512-okMqUHqrMlGOxfDZliX1yFX5MV6qcd5PpRz96XYtjkM0Ws/hwg23FMUqt6pETrVRZS+EKUB5HY19mmo54EuQbA=="
    },
    "big-integer": {
      "version": "1.6.48",
      "resolved": "https://registry.npmjs.org/big-integer/-/big-integer-1.6.48.tgz",
      "integrity": "sha512-j51egjPa7/i+RdiRuJbPdJ2FIUYYPhvYLjzoYbcMMm62ooO6F94fETG4MTs46zPAF9Brs04OajboA/qTGuz78w=="
    },
    "bigint-crypto-utils": {
      "version": "3.0.7",
      "resolved": "https://registry.npmjs.org/bigint-crypto-utils/-/bigint-crypto-utils-3.0.7.tgz",
      "integrity": "sha512-e5AAYZgTQgncSXe6HJV/kGdLX8DhUvV+zCm8O4ckMuC3/zcpLTUhu5piyblt9nqrjWoJCBkoOiaUkBzPT3zo9w==",
      "requires": {
        "@types/node": ">=10.4.0"
      }
    }
  }
}
